
Microsoft Visual Studio Solution File, Format Version 12.00
# Visual Studio Version 17
VisualStudioVersion = 17.4.33122.133
MinimumVisualStudioVersion = 10.0.40219.1
Project("{FAE04EC0-301F-11D3-BF4B-00C04F79EFBC}") = "FA_1To100", "FA_1To100\FA_1To100.csproj", "{C91FC455-69B5-4553-820D-84B8B50F57A9}"
EndProject
Global
	GlobalSection(SolutionConfigurationPlatforms) = preSolution
		Debug|Any CPU = Debug|Any CPU
		Release|Any CPU = Release|Any CPU
	EndGlobalSection
	GlobalSection(ProjectConfigurationPlatforms) = postSolution
		{C91FC455-69B5-4553-820D-84B8B50F57A9}.Debug|Any CPU.ActiveCfg = Debug|Any CPU
		{C91FC455-69B5-4553-820D-84B8B50F57A9}.Debug|Any CPU.Build.0 = Debug|Any CPU
		{C91FC455-69B5-4553-820D-84B8B50F57A9}.Release|Any CPU.ActiveCfg = Release|Any CPU
		{C91FC455-69B5-4553-820D-84B8B50F57A9}.Release|Any CPU.Build.0 = Release|Any CPU
	EndGlobalSection
	GlobalSection(SolutionProperties) = preSolution
		HideSolutionNode = FALSE
	EndGlobalSection
	GlobalSection(ExtensibilityGlobals) = postSolution
		SolutionGuid = {508F977E-5788-49FC-B7D9-D74DB3B8B055}
	EndGlobalSection
EndGlobal
